%{"bunt": {:hex, :bunt, "0.2.0", "951c6e801e8b1d2cbe58ebbd3e616a869061ddadcc4863d0a2182541acae9a38", [], [], "hexpm"},
  "certifi": {:hex, :certifi, "0.7.0", "861a57f3808f7eb0c2d1802afeaae0fa5de813b0df0979153cbafcd853ababaf", [:rebar3], []},
  "combine": {:hex, :combine, "0.9.3", "192e609b48b3f2210494e26f85db1712657be1a8f15795656710317ea43fc449", [:mix], []},
  "crc": {:hex, :crc, "0.5.1", "54f270f901ae3bf57bf50a5d2834822f42a46153859e575ff312139711f20d06", [:mix, :make], []},
  "credo": {:hex, :credo, "0.8.6", "335f723772d35da499b5ebfdaf6b426bfb73590b6fcbc8908d476b75f8cbca3f", [], [{:bunt, "~> 0.2.0", [hex: :bunt, repo: "hexpm", optional: false]}], "hexpm"},
  "csv": {:hex, :csv, "2.0.0", "c66fea89ba7862b94901baf0871285e9b73cad89c5fdb57a6386d2adcf29593e", [:mix], [{:parallel_stream, "~> 1.0.4", [hex: :parallel_stream, repo: "hexpm", optional: false]}], "hexpm"},
  "dialyxir": {:hex, :dialyxir, "0.5.1", "b331b091720fd93e878137add264bac4f644e1ddae07a70bf7062c7862c4b952", [], [], "hexpm"},
  "earmark": {:hex, :earmark, "1.2.3", "206eb2e2ac1a794aa5256f3982de7a76bf4579ff91cb28d0e17ea2c9491e46a4", [], [], "hexpm"},
  "elixir_ale": {:hex, :elixir_ale, "1.0.2", "f2b7cadf3d1e2adc67201ef4e725e18f3ee5ff37b80ccb7f1bb812f0f765356d", [:make, :mix], [{:elixir_make, "~> 0.4", [hex: :elixir_make, repo: "hexpm", optional: false]}], "hexpm"},
  "elixir_make": {:hex, :elixir_make, "0.4.0", "992f38fabe705bb45821a728f20914c554b276838433349d4f2341f7a687cddf", [:mix], []},
  "ex_doc": {:hex, :ex_doc, "0.16.2", "3b3e210ebcd85a7c76b4e73f85c5640c011d2a0b2f06dcdf5acdb2ae904e5084", [], [{:earmark, "~> 1.1", [hex: :earmark, repo: "hexpm", optional: false]}], "hexpm"},
  "gettext": {:hex, :gettext, "0.12.1", "c0624f52763469ef7a3674919ae28b8286d88195b90fa1516180f31bbbd26d14", [:mix], []},
  "hackney": {:hex, :hackney, "1.6.3", "d489d7ca2d4323e307bedc4bfe684323a7bf773ecfd77938f3ee8074e488e140", [:mix, :rebar3], [{:certifi, "0.7.0", [hex: :certifi, optional: false]}, {:idna, "1.2.0", [hex: :idna, optional: false]}, {:metrics, "1.0.1", [hex: :metrics, optional: false]}, {:mimerl, "1.0.2", [hex: :mimerl, optional: false]}, {:ssl_verify_fun, "1.1.1", [hex: :ssl_verify_fun, optional: false]}]},
  "idna": {:hex, :idna, "1.2.0", "ac62ee99da068f43c50dc69acf700e03a62a348360126260e87f2b54eced86b2", [:rebar3], []},
  "metrics": {:hex, :metrics, "1.0.1", "25f094dea2cda98213cecc3aeff09e940299d950904393b2a29d191c346a8486", [:rebar3], []},
  "mimerl": {:hex, :mimerl, "1.0.2", "993f9b0e084083405ed8252b99460c4f0563e41729ab42d9074fd5e52439be88", [:rebar3], []},
  "nerves_uart": {:hex, :nerves_uart, "0.1.2", "4310dbb1721a5a007b8e5c416cf81754415bde6b7e2c9aa65a059886b85e637c", [:make, :mix], [{:elixir_make, "~> 0.4", [hex: :elixir_make, optional: false]}]},
  "parallel_stream": {:hex, :parallel_stream, "1.0.5", "4c78d3e675f9eff885cbe252c89a8fc1d2fb803c0d03a914281e587834e09431", [:mix], []},
  "rfm69": {:hex, :rfm69, "0.2.0", "ab6582881d2108439c79e85c731216fd1e7dc7c1c627b595960950388f8c42ba", [:mix], [{:elixir_ale, "~> 1.0", [hex: :elixir_ale, repo: "hexpm", optional: false]}], "hexpm"},
  "ssl_verify_fun": {:hex, :ssl_verify_fun, "1.1.1", "28a4d65b7f59893bc2c7de786dec1e1555bd742d336043fe644ae956c3497fbe", [:make, :rebar], []},
  "subg_rfspy": {:hex, :subg_rfspy, "2.0.0", "404cabf89eeb139cd6f43ce0ff597d20832393933aa492ca2b1ff73c846ab816", [:mix], [{:csv, "~> 2.0.0", [hex: :csv, repo: "hexpm", optional: false]}, {:elixir_ale, "~> 1.0.1", [hex: :elixir_ale, repo: "hexpm", optional: false]}, {:nerves_uart, "~> 0.1.1", [hex: :nerves_uart, repo: "hexpm", optional: false]}], "hexpm"},
  "timex": {:hex, :timex, "3.1.5", "413d6d8d6f0162a5d47080cb8ca520d790184ac43e097c95191c7563bf25b428", [:mix], [{:combine, "~> 0.7", [hex: :combine, optional: false]}, {:gettext, "~> 0.10", [hex: :gettext, optional: false]}, {:tzdata, "~> 0.1.8 or ~> 0.5", [hex: :tzdata, optional: false]}]},
  "tzdata": {:hex, :tzdata, "0.5.9", "575be217b039057a47e133b72838cbe104fb5329b19906ea4e66857001c37edb", [:mix], [{:hackney, "~> 1.0", [hex: :hackney, optional: false]}]},
  "yamerl": {:hex, :yamerl, "0.4.0", "ae215b1242810a9bc07716b88062f1bfe06f6bc7cf68372091f630baa536df79", [:rebar3], []}}
